# This file is autogenerated, do not edit; changes may be undone by the next 'dep ensure'.


[[projects]]
  branch = "master"
  digest = "1:bbb6e1a656f9f213b7a2258eaf5d1a08b2ae7581de2f74900cc9d0632ff01b49"
  name = "github.com/garslo/gogen"
  packages = ["."]
  pruneopts = "UT"
  revision = "d6ebae628c7c872e208cf7fac473c96e121eaa2b"

[[projects]]
  branch = "master"
  digest = "1:1f38bafb5036a6d7b0a77c8c10a1d6e854e6b7874fed6776a3b1e146448ad0d4"
  name = "github.com/kylelemons/godebug"
  packages = ["diff"]
  pruneopts = "UT"
  revision = "d65d576e9348f5982d7f6d83682b694e731a45c6"

[[projects]]
  branch = "master"
  digest = "1:1f0e114700d8e1601436225f469f63ea9420c22f4fc01c52f9cea915eae9cdc5"
  name = "golang.org/x/tools"
  packages = [
    "go/ast/astutil",
    "go/buildutil",
    "go/loader",
    "imports",
    "internal/fastwalk",
  ]
  pruneopts = "UT"
  revision = "1801cb7c1535809b97bb6628791b3fb0df73476e"

[solve-meta]
  analyzer-name = "dep"
  analyzer-version = 1
  input-imports = [
    "github.com/garslo/gogen",
    "github.com/kylelemons/godebug/diff",
    "golang.org/x/tools/go/buildutil",
    "golang.org/x/tools/go/loader",
    "golang.org/x/tools/imports",
  ]
  solver-name = "gps-cdcl"
  solver-version = 1
